
Microsoft Visual Studio Solution File, Format Version 12.00
# Visual Studio Version 17
VisualStudioVersion = 17.9.34701.34
MinimumVisualStudioVersion = 10.0.40219.1
Project("{FAE04EC0-301F-11D3-BF4B-00C04F79EFBC}") = "pbl3_BeCool", "pbl3_BeCool\pbl3_BeCool.csproj", "{490545CB-88F6-4CCE-A015-60245912E157}"
EndProject
Global
	GlobalSection(SolutionConfigurationPlatforms) = preSolution
		Debug|Any CPU = Debug|Any CPU
		Release|Any CPU = Release|Any CPU
	EndGlobalSection
	GlobalSection(ProjectConfigurationPlatforms) = postSolution
		{490545CB-88F6-4CCE-A015-60245912E157}.Debug|Any CPU.ActiveCfg = Debug|Any CPU
		{490545CB-88F6-4CCE-A015-60245912E157}.Debug|Any CPU.Build.0 = Debug|Any CPU
		{490545CB-88F6-4CCE-A015-60245912E157}.Release|Any CPU.ActiveCfg = Release|Any CPU
		{490545CB-88F6-4CCE-A015-60245912E157}.Release|Any CPU.Build.0 = Release|Any CPU
	EndGlobalSection
	GlobalSection(SolutionProperties) = preSolution
		HideSolutionNode = FALSE
	EndGlobalSection
	GlobalSection(ExtensibilityGlobals) = postSolution
		SolutionGuid = {0CC9A3C3-65D3-41AE-885C-360E5ABB4AFF}
	EndGlobalSection
EndGlobal
